
Microsoft Visual Studio Solution File, Format Version 12.00
# Visual Studio 15
VisualStudioVersion = 15.0.28307.168
MinimumVisualStudioVersion = 10.0.40219.1
Project("{FAE04EC0-301F-11D3-BF4B-00C04F79EFBC}") = "Exercise.EF.DAL", "Exercise.EF.DAL\Exercise.EF.DAL.csproj", "{75A7FEDC-7248-4AF3-8A73-98F902D81B8D}"
EndProject
Project("{2150E333-8FDC-42A3-9474-1A3956D46DE8}") = "Test", "Test", "{64BA6803-E96B-411D-9D0A-9FD0585C2A1D}"
EndProject
Project("{FAE04EC0-301F-11D3-BF4B-00C04F79EFBC}") = "Exercise.EF.IntegrationTest", "Exercise.EF.IntegrationTest\Exercise.EF.IntegrationTest.csproj", "{38BB8A43-11D5-48D7-8A4C-CA227EE0F067}"
EndProject
Project("{FAE04EC0-301F-11D3-BF4B-00C04F79EFBC}") = "Exercise.EF.Logic", "Exercise.EF.Logic\Exercise.EF.Logic.csproj", "{0D731C0F-91E9-40C5-834A-5DDF96091E4C}"
EndProject
Global
	GlobalSection(SolutionConfigurationPlatforms) = preSolution
		Debug|Any CPU = Debug|Any CPU
		Release|Any CPU = Release|Any CPU
	EndGlobalSection
	GlobalSection(ProjectConfigurationPlatforms) = postSolution
		{75A7FEDC-7248-4AF3-8A73-98F902D81B8D}.Debug|Any CPU.ActiveCfg = Debug|Any CPU
		{75A7FEDC-7248-4AF3-8A73-98F902D81B8D}.Debug|Any CPU.Build.0 = Debug|Any CPU
		{75A7FEDC-7248-4AF3-8A73-98F902D81B8D}.Release|Any CPU.ActiveCfg = Release|Any CPU
		{75A7FEDC-7248-4AF3-8A73-98F902D81B8D}.Release|Any CPU.Build.0 = Release|Any CPU
		{38BB8A43-11D5-48D7-8A4C-CA227EE0F067}.Debug|Any CPU.ActiveCfg = Debug|Any CPU
		{38BB8A43-11D5-48D7-8A4C-CA227EE0F067}.Debug|Any CPU.Build.0 = Debug|Any CPU
		{38BB8A43-11D5-48D7-8A4C-CA227EE0F067}.Release|Any CPU.ActiveCfg = Release|Any CPU
		{38BB8A43-11D5-48D7-8A4C-CA227EE0F067}.Release|Any CPU.Build.0 = Release|Any CPU
		{0D731C0F-91E9-40C5-834A-5DDF96091E4C}.Debug|Any CPU.ActiveCfg = Debug|Any CPU
		{0D731C0F-91E9-40C5-834A-5DDF96091E4C}.Debug|Any CPU.Build.0 = Debug|Any CPU
		{0D731C0F-91E9-40C5-834A-5DDF96091E4C}.Release|Any CPU.ActiveCfg = Release|Any CPU
		{0D731C0F-91E9-40C5-834A-5DDF96091E4C}.Release|Any CPU.Build.0 = Release|Any CPU
	EndGlobalSection
	GlobalSection(SolutionProperties) = preSolution
		HideSolutionNode = FALSE
	EndGlobalSection
	GlobalSection(NestedProjects) = preSolution
		{38BB8A43-11D5-48D7-8A4C-CA227EE0F067} = {64BA6803-E96B-411D-9D0A-9FD0585C2A1D}
	EndGlobalSection
	GlobalSection(ExtensibilityGlobals) = postSolution
		SolutionGuid = {041D7CF1-77D1-4D37-9F05-6B015D0A48E1}
	EndGlobalSection
EndGlobal
